// !$*UTF8*$!
{
	archiveVersion = 1;
	classes = {
	};
	objectVersion = 46;
	objects = {

/* Begin PBXBuildFile section */
		137FC0581E7833940033656A /* LoginVC.swift in Sources */ = {isa = PBXBuildFile; fileRef = 137FC0571E7833940033656A /* LoginVC.swift */; };
		137FC05A1E78346C0033656A /* gradients.swift in Sources */ = {isa = PBXBuildFile; fileRef = 137FC0591E78346C0033656A /* gradients.swift */; };
		13DDC4861E66D32400E8623A /* String+Extension.swift in Sources */ = {isa = PBXBuildFile; fileRef = 13DDC4851E66D32400E8623A /* String+Extension.swift */; };
		13E6AEEA1E545AAE00A36214 /* AppDelegate.swift in Sources */ = {isa = PBXBuildFile; fileRef = 13E6AEE91E545AAE00A36214 /* AppDelegate.swift */; };
		13E6AEEC1E545AAE00A36214 /* ViewController.swift in Sources */ = {isa = PBXBuildFile; fileRef = 13E6AEEB1E545AAE00A36214 /* ViewController.swift */; };
		13E6AEEF1E545AAE00A36214 /* Main.storyboard in Resources */ = {isa = PBXBuildFile; fileRef = 13E6AEED1E545AAE00A36214 /* Main.storyboard */; };
		13E6AEF11E545AAE00A36214 /* Assets.xcassets in Resources */ = {isa = PBXBuildFile; fileRef = 13E6AEF01E545AAE00A36214 /* Assets.xcassets */; };
		13E6AEF41E545AAE00A36214 /* LaunchScreen.storyboard in Resources */ = {isa = PBXBuildFile; fileRef = 13E6AEF21E545AAE00A36214 /* LaunchScreen.storyboard */; };
		13E6AF001E54683B00A36214 /* GoogleService-Info.plist in Resources */ = {isa = PBXBuildFile; fileRef = 13E6AEFF1E54683B00A36214 /* GoogleService-Info.plist */; };
		A61B7C8C1DA519654AB44BA4 /* Pods_Snug.framework in Frameworks */ = {isa = PBXBuildFile; fileRef = 801D50E6EAC3C492BEC78318 /* Pods_Snug.framework */; };
/* End PBXBuildFile section */

/* Begin PBXFileReference section */
		137FC0571E7833940033656A /* LoginVC.swift */ = {isa = PBXFileReference; fileEncoding = 4; lastKnownFileType = sourcecode.swift; path = LoginVC.swift; sourceTree = "<group>"; };
		137FC0591E78346C0033656A /* gradients.swift */ = {isa = PBXFileReference; fileEncoding = 4; lastKnownFileType = sourcecode.swift; path = gradients.swift; sourceTree = "<group>"; };
		13DDC4851E66D32400E8623A /* String+Extension.swift */ = {isa = PBXFileReference; fileEncoding = 4; lastKnownFileType = sourcecode.swift; path = "String+Extension.swift"; sourceTree = "<group>"; };
		13E6AEE61E545AAE00A36214 /* Snug.app */ = {isa = PBXFileReference; explicitFileType = wrapper.application; includeInIndex = 0; path = Snug.app; sourceTree = BUILT_PRODUCTS_DIR; };
		13E6AEE91E545AAE00A36214 /* AppDelegate.swift */ = {isa = PBXFileReference; lastKnownFileType = sourcecode.swift; path = AppDelegate.swift; sourceTree = "<group>"; };
		13E6AEEB1E545AAE00A36214 /* ViewController.swift */ = {isa = PBXFileReference; lastKnownFileType = sourcecode.swift; path = ViewController.swift; sourceTree = "<group>"; };
		13E6AEEE1E545AAE00A36214 /* Base */ = {isa = PBXFileReference; lastKnownFileType = file.storyboard; name = Base; path = Base.lproj/Main.storyboard; sourceTree = "<group>"; };
		13E6AEF01E545AAE00A36214 /* Assets.xcassets */ = {isa = PBXFileReference; lastKnownFileType = folder.assetcatalog; path = Assets.xcassets; sourceTree = "<group>"; };
		13E6AEF31E545AAE00A36214 /* Base */ = {isa = PBXFileReference; lastKnownFileType = file.storyboard; name = Base; path = Base.lproj/LaunchScreen.storyboard; sourceTree = "<group>"; };
		13E6AEF51E545AAE00A36214 /* Info.plist */ = {isa = PBXFileReference; lastKnownFileType = text.plist.xml; path = Info.plist; sourceTree = "<group>"; };
		13E6AEFF1E54683B00A36214 /* GoogleService-Info.plist */ = {isa = PBXFileReference; fileEncoding = 4; lastKnownFileType = text.plist.xml; path = "GoogleService-Info.plist"; sourceTree = "<group>"; };
		51D437E530CBFB6DDDB54E1E /* Pods-Snug.release.xcconfig */ = {isa = PBXFileReference; includeInIndex = 1; lastKnownFileType = text.xcconfig; name = "Pods-Snug.release.xcconfig"; path = "Pods/Target Support Files/Pods-Snug/Pods-Snug.release.xcconfig"; sourceTree = "<group>"; };
		72581EB7841A8DA4423867D9 /* Pods-Snug.debug.xcconfig */ = {isa = PBXFileReference; includeInIndex = 1; lastKnownFileType = text.xcconfig; name = "Pods-Snug.debug.xcconfig"; path = "Pods/Target Support Files/Pods-Snug/Pods-Snug.debug.xcconfig"; sourceTree = "<group>"; };
		801D50E6EAC3C492BEC78318 /* Pods_Snug.framework */ = {isa = PBXFileReference; explicitFileType = wrapper.framework; includeInIndex = 0; path = Pods_Snug.framework; sourceTree = BUILT_PRODUCTS_DIR; };
/* End PBXFileReference section */

/* Begin PBXFrameworksBuildPhase section */
		13E6AEE31E545AAE00A36214 /* Frameworks */ = {
			isa = PBXFrameworksBuildPhase;
			buildActionMask = 2147483647;
			files = (
				A61B7C8C1DA519654AB44BA4 /* Pods_Snug.framework in Frameworks */,
			);
			runOnlyForDeploymentPostprocessing = 0;
		};
/* End PBXFrameworksBuildPhase section */

/* Begin PBXGroup section */
		13E6AEDD1E545AAE00A36214 = {
			isa = PBXGroup;
			children = (
				13E6AEE81E545AAE00A36214 /* Snug */,
				13E6AEE71E545AAE00A36214 /* Products */,
				4A442FF26F3824366D62497F /* Pods */,
				E7B88106EA0624261C19153B /* Frameworks */,
			);
			sourceTree = "<group>";
		};
		13E6AEE71E545AAE00A36214 /* Products */ = {
			isa = PBXGroup;
			children = (
				13E6AEE61E545AAE00A36214 /* Snug.app */,
			);
			name = Products;
			sourceTree = "<group>";
		};
		13E6AEE81E545AAE00A36214 /* Snug */ = {
			isa = PBXGroup;
			children = (
				13E6AEE91E545AAE00A36214 /* AppDelegate.swift */,
				13E6AEEB1E545AAE00A36214 /* ViewController.swift */,
				137FC0591E78346C0033656A /* gradients.swift */,
				137FC0571E7833940033656A /* LoginVC.swift */,
				13DDC4851E66D32400E8623A /* String+Extension.swift */,
				13E6AEED1E545AAE00A36214 /* Main.storyboard */,
				13E6AEF01E545AAE00A36214 /* Assets.xcassets */,
				13E6AEF21E545AAE00A36214 /* LaunchScreen.storyboard */,
				13E6AEF51E545AAE00A36214 /* Info.plist */,
				13E6AEFF1E54683B00A36214 /* GoogleService-Info.plist */,
			);
			path = Snug;
			sourceTree = "<group>";
		};
		4A442FF26F3824366D62497F /* Pods */ = {
			isa = PBXGroup;
			children = (
				72581EB7841A8DA4423867D9 /* Pods-Snug.debug.xcconfig */,
				51D437E530CBFB6DDDB54E1E /* Pods-Snug.release.xcconfig */,
			);
			name = Pods;
			sourceTree = "<group>";
		};
		E7B88106EA0624261C19153B /* Frameworks */ = {
			isa = PBXGroup;
			children = (
				801D50E6EAC3C492BEC78318 /* Pods_Snug.framework */,
			);
			name = Frameworks;
			sourceTree = "<group>";
		};
/* End PBXGroup section */

/* Begin PBXNativeTarget section */
		13E6AEE51E545AAE00A36214 /* Snug */ = {
			isa = PBXNativeTarget;
			buildConfigurationList = 13E6AEF81E545AAE00A36214 /* Build configuration list for PBXNativeTarget "Snug" */;
			buildPhases = (
				1551C3A12356E3ABBE0649F5 /* [CP] Check Pods Manifest.lock */,
				13E6AEE21E545AAE00A36214 /* Sources */,
				13E6AEE31E545AAE00A36214 /* Frameworks */,
				13E6AEE41E545AAE00A36214 /* Resources */,
				5B3E0C2800956F2410CE2793 /* [CP] Embed Pods Frameworks */,
				E85D458AA83D112FCD2557C9 /* [CP] Copy Pods Resources */,
			);
			buildRules = (
			);
			dependencies = (
			);
			name = Snug;
			productName = Snug;
			productReference = 13E6AEE61E545AAE00A36214 /* Snug.app */;
			productType = "com.apple.product-type.application";
		};
/* End PBXNativeTarget section */

/* Begin PBXProject section */
		13E6AEDE1E545AAE00A36214 /* Project object */ = {
			isa = PBXProject;
			attributes = {
				LastSwiftUpdateCheck = 0820;
				LastUpgradeCheck = 0820;
				ORGANIZATIONNAME = "Arman Ansari";
				TargetAttributes = {
					13E6AEE51E545AAE00A36214 = {
						CreatedOnToolsVersion = 8.2.1;
						ProvisioningStyle = Automatic;
					};
				};
			};
			buildConfigurationList = 13E6AEE11E545AAE00A36214 /* Build configuration list for PBXProject "Snug" */;
			compatibilityVersion = "Xcode 3.2";
			developmentRegion = English;
			hasScannedForEncodings = 0;
			knownRegions = (
				en,
				Base,
			);
			mainGroup = 13E6AEDD1E545AAE00A36214;
			productRefGroup = 13E6AEE71E545AAE00A36214 /* Products */;
			projectDirPath = "";
			projectRoot = "";
			targets = (
				13E6AEE51E545AAE00A36214 /* Snug */,
			);
		};
/* End PBXProject section */

/* Begin PBXResourcesBuildPhase section */
		13E6AEE41E545AAE00A36214 /* Resources */ = {
			isa = PBXResourcesBuildPhase;
			buildActionMask = 2147483647;
			files = (
				13E6AEF41E545AAE00A36214 /* LaunchScreen.storyboard in Resources */,
				13E6AF001E54683B00A36214 /* GoogleService-Info.plist in Resources */,
				13E6AEF11E545AAE00A36214 /* Assets.xcassets in Resources */,
				13E6AEEF1E545AAE00A36214 /* Main.storyboard in Resources */,
			);
			runOnlyForDeploymentPostprocessing = 0;
		};
/* End PBXResourcesBuildPhase section */

/* Begin PBXShellScriptBuildPhase section */
		1551C3A12356E3ABBE0649F5 /* [CP] Check Pods Manifest.lock */ = {
			isa = PBXShellScriptBuildPhase;
			buildActionMask = 2147483647;
			files = (
			);
			inputPaths = (
			);
			name = "[CP] Check Pods Manifest.lock";
			outputPaths = (
			);
			runOnlyForDeploymentPostprocessing = 0;
			shellPath = /bin/sh;
			shellScript = "diff \"${PODS_ROOT}/../Podfile.lock\" \"${PODS_ROOT}/Manifest.lock\" > /dev/null\nif [ $? != 0 ] ; then\n    # print error to STDERR\n    echo \"error: The sandbox is not in sync with the Podfile.lock. Run 'pod install' or update your CocoaPods installation.\" >&2\n    exit 1\nfi\n";
			showEnvVarsInLog = 0;
		};
		5B3E0C2800956F2410CE2793 /* [CP] Embed Pods Frameworks */ = {
			isa = PBXShellScriptBuildPhase;
			buildActionMask = 2147483647;
			files = (
			);
			inputPaths = (
			);
			name = "[CP] Embed Pods Frameworks";
			outputPaths = (
			);
			runOnlyForDeploymentPostprocessing = 0;
			shellPath = /bin/sh;
			shellScript = "\"${SRCROOT}/Pods/Target Support Files/Pods-Snug/Pods-Snug-frameworks.sh\"\n";
			showEnvVarsInLog = 0;
		};
		E85D458AA83D112FCD2557C9 /* [CP] Copy Pods Resources */ = {
			isa = PBXShellScriptBuildPhase;
			buildActionMask = 2147483647;
			files = (
			);
			inputPaths = (
			);
			name = "[CP] Copy Pods Resources";
			outputPaths = (
			);
			runOnlyForDeploymentPostprocessing = 0;
			shellPath = /bin/sh;
			shellScript = "\"${SRCROOT}/Pods/Target Support Files/Pods-Snug/Pods-Snug-resources.sh\"\n";
			showEnvVarsInLog = 0;
		};
/* End PBXShellScriptBuildPhase section */

/* Begin PBXSourcesBuildPhase section */
		13E6AEE21E545AAE00A36214 /* Sources */ = {
			isa = PBXSourcesBuildPhase;
			buildActionMask = 2147483647;
			files = (
				137FC05A1E78346C0033656A /* gradients.swift in Sources */,
				13E6AEEC1E545AAE00A36214 /* ViewController.swift in Sources */,
				13DDC4861E66D32400E8623A /* String+Extension.swift in Sources */,
				137FC0581E7833940033656A /* LoginVC.swift in Sources */,
				13E6AEEA1E545AAE00A36214 /* AppDelegate.swift in Sources */,
			);
			runOnlyForDeploymentPostprocessing = 0;
		};
/* End PBXSourcesBuildPhase section */

/* Begin PBXVariantGroup section */
		13E6AEED1E545AAE00A36214 /* Main.storyboard */ = {
			isa = PBXVariantGroup;
			children = (
				13E6AEEE1E545AAE00A36214 /* Base */,
			);
			name = Main.storyboard;
			sourceTree = "<group>";
		};
		13E6AEF21E545AAE00A36214 /* LaunchScreen.storyboard */ = {
			isa = PBXVariantGroup;
			children = (
				13E6AEF31E545AAE00A36214 /* Base */,
			);
			name = LaunchScreen.storyboard;
			sourceTree = "<group>";
		};
/* End PBXVariantGroup section */

/* Begin XCBuildConfiguration section */
		13E6AEF61E545AAE00A36214 /* Debug */ = {
			isa = XCBuildConfiguration;
			buildSettings = {
				ALWAYS_SEARCH_USER_PATHS = NO;
				CLANG_ANALYZER_NONNULL = YES;
				CLANG_CXX_LANGUAGE_STANDARD = "gnu++0x";
				CLANG_CXX_LIBRARY = "libc++";
				CLANG_ENABLE_MODULES = YES;
				CLANG_ENABLE_OBJC_ARC = YES;
				CLANG_WARN_BOOL_CONVERSION = YES;
				CLANG_WARN_CONSTANT_CONVERSION = YES;
				CLANG_WARN_DIRECT_OBJC_ISA_USAGE = YES_ERROR;
				CLANG_WARN_DOCUMENTATION_COMMENTS = YES;
				CLANG_WARN_EMPTY_BODY = YES;
				CLANG_WARN_ENUM_CONVERSION = YES;
				CLANG_WARN_INFINITE_RECURSION = YES;
				CLANG_WARN_INT_CONVERSION = YES;
				CLANG_WARN_OBJC_ROOT_CLASS = YES_ERROR;
				CLANG_WARN_SUSPICIOUS_MOVE = YES;
				CLANG_WARN_UNREACHABLE_CODE = YES;
				CLANG_WARN__DUPLICATE_METHOD_MATCH = YES;
				"CODE_SIGN_IDENTITY[sdk=iphoneos*]" = "iPhone Developer";
				COPY_PHASE_STRIP = NO;
				DEBUG_INFORMATION_FORMAT = dwarf;
				ENABLE_STRICT_OBJC_MSGSEND = YES;
				ENABLE_TESTABILITY = YES;
				GCC_C_LANGUAGE_STANDARD = gnu99;
				GCC_DYNAMIC_NO_PIC = NO;
				GCC_NO_COMMON_BLOCKS = YES;
				GCC_OPTIMIZATION_LEVEL = 0;
				GCC_PREPROCESSOR_DEFINITIONS = (
					"DEBUG=1",
					"$(inherited)",
				);
				GCC_WARN_64_TO_32_BIT_CONVERSION = YES;
				GCC_WARN_ABOUT_RETURN_TYPE = YES_ERROR;
				GCC_WARN_UNDECLARED_SELECTOR = YES;
				GCC_WARN_UNINITIALIZED_AUTOS = YES_AGGRESSIVE;
				GCC_WARN_UNUSED_FUNCTION = YES;
				GCC_WARN_UNUSED_VARIABLE = YES;
				IPHONEOS_DEPLOYMENT_TARGET = 10.2;
				MTL_ENABLE_DEBUG_INFO = YES;
				ONLY_ACTIVE_ARCH = YES;
				SDKROOT = iphoneos;
				SWIFT_ACTIVE_COMPILATION_CONDITIONS = DEBUG;
				SWIFT_OPTIMIZATION_LEVEL = "-Onone";
			};
			name = Debug;
		};
		13E6AEF71E545AAE00A36214 /* Release */ = {
			isa = XCBuildConfiguration;
			buildSettings = {
				ALWAYS_SEARCH_USER_PATHS = NO;
				CLANG_ANALYZER_NONNULL = YES;
				CLANG_CXX_LANGUAGE_STANDARD = "gnu++0x";
				CLANG_CXX_LIBRARY = "libc++";
				CLANG_ENABLE_MODULES = YES;
				CLANG_ENABLE_OBJC_ARC = YES;
				CLANG_WARN_BOOL_CONVERSION = YES;
				CLANG_WARN_CONSTANT_CONVERSION = YES;
				CLANG_WARN_DIRECT_OBJC_ISA_USAGE = YES_ERROR;
				CLANG_WARN_DOCUMENTATION_COMMENTS = YES;
				CLANG_WARN_EMPTY_BODY = YES;
				CLANG_WARN_ENUM_CONVERSION = YES;
				CLANG_WARN_INFINITE_RECURSION = YES;
				CLANG_WARN_INT_CONVERSION = YES;
				CLANG_WARN_OBJC_ROOT_CLASS = YES_ERROR;
				CLANG_WARN_SUSPICIOUS_MOVE = YES;
				CLANG_WARN_UNREACHABLE_CODE = YES;
				CLANG_WARN__DUPLICATE_METHOD_MATCH = YES;
				"CODE_SIGN_IDENTITY[sdk=iphoneos*]" = "iPhone Developer";
				COPY_PHASE_STRIP = NO;
				DEBUG_INFORMATION_FORMAT = "dwarf-with-dsym";
				ENABLE_NS_ASSERTIONS = NO;
				ENABLE_STRICT_OBJC_MSGSEND = YES;
				GCC_C_LANGUAGE_STANDARD = gnu99;
				GCC_NO_COMMON_BLOCKS = YES;
				GCC_WARN_64_TO_32_BIT_CONVERSION = YES;
				GCC_WARN_ABOUT_RETURN_TYPE = YES_ERROR;
				GCC_WARN_UNDECLARED_SELECTOR = YES;
				GCC_WARN_UNINITIALIZED_AUTOS = YES_AGGRESSIVE;
				GCC_WARN_UNUSED_FUNCTION = YES;
				GCC_WARN_UNUSED_VARIABLE = YES;
				IPHONEOS_DEPLOYMENT_TARGET = 10.2;
				MTL_ENABLE_DEBUG_INFO = NO;
				SDKROOT = iphoneos;
				SWIFT_OPTIMIZATION_LEVEL = "-Owholemodule";
				VALIDATE_PRODUCT = YES;
			};
			name = Release;
		};
		13E6AEF91E545AAE00A36214 /* Debug */ = {
			isa = XCBuildConfiguration;
			baseConfigurationReference = 72581EB7841A8DA4423867D9 /* Pods-Snug.debug.xcconfig */;
			buildSettings = {
				ASSETCATALOG_COMPILER_APPICON_NAME = AppIcon;
				INFOPLIST_FILE = Snug/Info.plist;
				LD_RUNPATH_SEARCH_PATHS = "$(inherited) @executable_path/Frameworks";
				PRODUCT_BUNDLE_IDENTIFIER = Arman.Snug;
				PRODUCT_NAME = "$(TARGET_NAME)";
				SWIFT_VERSION = 3.0;
			};
			name = Debug;
		};
		13E6AEFA1E545AAE00A36214 /* Release */ = {
			isa = XCBuildConfiguration;
			baseConfigurationReference = 51D437E530CBFB6DDDB54E1E /* Pods-Snug.release.xcconfig */;
			buildSettings = {
				ASSETCATALOG_COMPILER_APPICON_NAME = AppIcon;
				INFOPLIST_FILE = Snug/Info.plist;
				LD_RUNPATH_SEARCH_PATHS = "$(inherited) @executable_path/Frameworks";
				PRODUCT_BUNDLE_IDENTIFIER = Arman.Snug;
				PRODUCT_NAME = "$(TARGET_NAME)";
				SWIFT_VERSION = 3.0;
			};
			name = Release;
		};
/* End XCBuildConfiguration section */

/* Begin XCConfigurationList section */
		13E6AEE11E545AAE00A36214 /* Build configuration list for PBXProject "Snug" */ = {
			isa = XCConfigurationList;
			buildConfigurations = (
				13E6AEF61E545AAE00A36214 /* Debug */,
				13E6AEF71E545AAE00A36214 /* Release */,
			);
			defaultConfigurationIsVisible = 0;
			defaultConfigurationName = Release;
		};
		13E6AEF81E545AAE00A36214 /* Build configuration list for PBXNativeTarget "Snug" */ = {
			isa = XCConfigurationList;
			buildConfigurations = (
				13E6AEF91E545AAE00A36214 /* Debug */,
				13E6AEFA1E545AAE00A36214 /* Release */,
			);
			defaultConfigurationIsVisible = 0;
			defaultConfigurationName = Release;
		};
/* End XCConfigurationList section */
	};
	rootObject = 13E6AEDE1E545AAE00A36214 /* Project object */;
}
